// !$*UTF8*$!
{
	archiveVersion = 1;
	classes = {
	};
	objectVersion = 55;
	objects = {

/* Begin PBXBuildFile section */
		42035EC7285C181700B333D2 /* MyEventOrganizerApp.swift in Sources */ = {isa = PBXBuildFile; fileRef = 42035EC6285C181700B333D2 /* MyEventOrganizerApp.swift */; };
		42035EC9285C181700B333D2 /* ContentView.swift in Sources */ = {isa = PBXBuildFile; fileRef = 42035EC8285C181700B333D2 /* ContentView.swift */; };
		42035ECB285C181B00B333D2 /* Assets.xcassets in Resources */ = {isa = PBXBuildFile; fileRef = 42035ECA285C181B00B333D2 /* Assets.xcassets */; };
		42035ECE285C181B00B333D2 /* Preview Assets.xcassets in Resources */ = {isa = PBXBuildFile; fileRef = 42035ECD285C181B00B333D2 /* Preview Assets.xcassets */; };
		42035ED0285C181B00B333D2 /* Persistence.swift in Sources */ = {isa = PBXBuildFile; fileRef = 42035ECF285C181B00B333D2 /* Persistence.swift */; };
		42035ED3285C181B00B333D2 /* MyEventOrganizer.xcdatamodeld in Sources */ = {isa = PBXBuildFile; fileRef = 42035ED1285C181B00B333D2 /* MyEventOrganizer.xcdatamodeld */; };
		42035EDD285C181B00B333D2 /* MyEventOrganizerTests.swift in Sources */ = {isa = PBXBuildFile; fileRef = 42035EDC285C181B00B333D2 /* MyEventOrganizerTests.swift */; };
		42035EE7285C181B00B333D2 /* MyEventOrganizerUITests.swift in Sources */ = {isa = PBXBuildFile; fileRef = 42035EE6285C181B00B333D2 /* MyEventOrganizerUITests.swift */; };
		42035EE9285C181B00B333D2 /* MyEventOrganizerUITestsLaunchTests.swift in Sources */ = {isa = PBXBuildFile; fileRef = 42035EE8285C181B00B333D2 /* MyEventOrganizerUITestsLaunchTests.swift */; };
/* End PBXBuildFile section */

/* Begin PBXContainerItemProxy section */
		42035ED9285C181B00B333D2 /* PBXContainerItemProxy */ = {
			isa = PBXContainerItemProxy;
			containerPortal = 42035EBB285C181700B333D2 /* Project object */;
			proxyType = 1;
			remoteGlobalIDString = 42035EC2285C181700B333D2;
			remoteInfo = MyEventOrganizer;
		};
		42035EE3285C181B00B333D2 /* PBXContainerItemProxy */ = {
			isa = PBXContainerItemProxy;
			containerPortal = 42035EBB285C181700B333D2 /* Project object */;
			proxyType = 1;
			remoteGlobalIDString = 42035EC2285C181700B333D2;
			remoteInfo = MyEventOrganizer;
		};
/* End PBXContainerItemProxy section */

/* Begin PBXFileReference section */
		42035EC3285C181700B333D2 /* MyEventOrganizer.app */ = {isa = PBXFileReference; explicitFileType = wrapper.application; includeInIndex = 0; path = MyEventOrganizer.app; sourceTree = BUILT_PRODUCTS_DIR; };
		42035EC6285C181700B333D2 /* MyEventOrganizerApp.swift */ = {isa = PBXFileReference; lastKnownFileType = sourcecode.swift; path = MyEventOrganizerApp.swift; sourceTree = "<group>"; };
		42035EC8285C181700B333D2 /* ContentView.swift */ = {isa = PBXFileReference; lastKnownFileType = sourcecode.swift; path = ContentView.swift; sourceTree = "<group>"; };
		42035ECA285C181B00B333D2 /* Assets.xcassets */ = {isa = PBXFileReference; lastKnownFileType = folder.assetcatalog; path = Assets.xcassets; sourceTree = "<group>"; };
		42035ECD285C181B00B333D2 /* Preview Assets.xcassets */ = {isa = PBXFileReference; lastKnownFileType = folder.assetcatalog; path = "Preview Assets.xcassets"; sourceTree = "<group>"; };
		42035ECF285C181B00B333D2 /* Persistence.swift */ = {isa = PBXFileReference; lastKnownFileType = sourcecode.swift; path = Persistence.swift; sourceTree = "<group>"; };
		42035ED2285C181B00B333D2 /* MyEventOrganizer.xcdatamodel */ = {isa = PBXFileReference; lastKnownFileType = wrapper.xcdatamodel; path = MyEventOrganizer.xcdatamodel; sourceTree = "<group>"; };
		42035ED8285C181B00B333D2 /* MyEventOrganizerTests.xctest */ = {isa = PBXFileReference; explicitFileType = wrapper.cfbundle; includeInIndex = 0; path = MyEventOrganizerTests.xctest; sourceTree = BUILT_PRODUCTS_DIR; };
		42035EDC285C181B00B333D2 /* MyEventOrganizerTests.swift */ = {isa = PBXFileReference; lastKnownFileType = sourcecode.swift; path = MyEventOrganizerTests.swift; sourceTree = "<group>"; };
		42035EE2285C181B00B333D2 /* MyEventOrganizerUITests.xctest */ = {isa = PBXFileReference; explicitFileType = wrapper.cfbundle; includeInIndex = 0; path = MyEventOrganizerUITests.xctest; sourceTree = BUILT_PRODUCTS_DIR; };
		42035EE6285C181B00B333D2 /* MyEventOrganizerUITests.swift */ = {isa = PBXFileReference; lastKnownFileType = sourcecode.swift; path = MyEventOrganizerUITests.swift; sourceTree = "<group>"; };
		42035EE8285C181B00B333D2 /* MyEventOrganizerUITestsLaunchTests.swift */ = {isa = PBXFileReference; lastKnownFileType = sourcecode.swift; path = MyEventOrganizerUITestsLaunchTests.swift; sourceTree = "<group>"; };
/* End PBXFileReference section */

/* Begin PBXFrameworksBuildPhase section */
		42035EC0285C181700B333D2 /* Frameworks */ = {
			isa = PBXFrameworksBuildPhase;
			buildActionMask = 2147483647;
			files = (
			);
			runOnlyForDeploymentPostprocessing = 0;
		};
		42035ED5285C181B00B333D2 /* Frameworks */ = {
			isa = PBXFrameworksBuildPhase;
			buildActionMask = 2147483647;
			files = (
			);
			runOnlyForDeploymentPostprocessing = 0;
		};
		42035EDF285C181B00B333D2 /* Frameworks */ = {
			isa = PBXFrameworksBuildPhase;
			buildActionMask = 2147483647;
			files = (
			);
			runOnlyForDeploymentPostprocessing = 0;
		};
/* End PBXFrameworksBuildPhase section */

/* Begin PBXGroup section */
		42035EBA285C181700B333D2 = {
			isa = PBXGroup;
			children = (
				42035EC5285C181700B333D2 /* MyEventOrganizer */,
				42035EDB285C181B00B333D2 /* MyEventOrganizerTests */,
				42035EE5285C181B00B333D2 /* MyEventOrganizerUITests */,
				42035EC4285C181700B333D2 /* Products */,
			);
			sourceTree = "<group>";
		};
		42035EC4285C181700B333D2 /* Products */ = {
			isa = PBXGroup;
			children = (
				42035EC3285C181700B333D2 /* MyEventOrganizer.app */,
				42035ED8285C181B00B333D2 /* MyEventOrganizerTests.xctest */,
				42035EE2285C181B00B333D2 /* MyEventOrganizerUITests.xctest */,
			);
			name = Products;
			sourceTree = "<group>";
		};
		42035EC5285C181700B333D2 /* MyEventOrganizer */ = {
			isa = PBXGroup;
			children = (
				42035EC6285C181700B333D2 /* MyEventOrganizerApp.swift */,
				42035EC8285C181700B333D2 /* ContentView.swift */,
				42035ECA285C181B00B333D2 /* Assets.xcassets */,
				42035ECF285C181B00B333D2 /* Persistence.swift */,
				42035ED1285C181B00B333D2 /* MyEventOrganizer.xcdatamodeld */,
				42035ECC285C181B00B333D2 /* Preview Content */,
			);
			path = MyEventOrganizer;
			sourceTree = "<group>";
		};
		42035ECC285C181B00B333D2 /* Preview Content */ = {
			isa = PBXGroup;
			children = (
				42035ECD285C181B00B333D2 /* Preview Assets.xcassets */,
			);
			path = "Preview Content";
			sourceTree = "<group>";
		};
		42035EDB285C181B00B333D2 /* MyEventOrganizerTests */ = {
			isa = PBXGroup;
			children = (
				42035EDC285C181B00B333D2 /* MyEventOrganizerTests.swift */,
			);
			path = MyEventOrganizerTests;
			sourceTree = "<group>";
		};
		42035EE5285C181B00B333D2 /* MyEventOrganizerUITests */ = {
			isa = PBXGroup;
			children = (
				42035EE6285C181B00B333D2 /* MyEventOrganizerUITests.swift */,
				42035EE8285C181B00B333D2 /* MyEventOrganizerUITestsLaunchTests.swift */,
			);
			path = MyEventOrganizerUITests;
			sourceTree = "<group>";
		};
/* End PBXGroup section */

/* Begin PBXNativeTarget section */
		42035EC2285C181700B333D2 /* MyEventOrganizer */ = {
			isa = PBXNativeTarget;
			buildConfigurationList = 42035EEC285C181B00B333D2 /* Build configuration list for PBXNativeTarget "MyEventOrganizer" */;
			buildPhases = (
				42035EBF285C181700B333D2 /* Sources */,
				42035EC0285C181700B333D2 /* Frameworks */,
				42035EC1285C181700B333D2 /* Resources */,
			);
			buildRules = (
			);
			dependencies = (
			);
			name = MyEventOrganizer;
			productName = MyEventOrganizer;
			productReference = 42035EC3285C181700B333D2 /* MyEventOrganizer.app */;
			productType = "com.apple.product-type.application";
		};
		42035ED7285C181B00B333D2 /* MyEventOrganizerTests */ = {
			isa = PBXNativeTarget;
			buildConfigurationList = 42035EEF285C181B00B333D2 /* Build configuration list for PBXNativeTarget "MyEventOrganizerTests" */;
			buildPhases = (
				42035ED4285C181B00B333D2 /* Sources */,
				42035ED5285C181B00B333D2 /* Frameworks */,
				42035ED6285C181B00B333D2 /* Resources */,
			);
			buildRules = (
			);
			dependencies = (
				42035EDA285C181B00B333D2 /* PBXTargetDependency */,
			);
			name = MyEventOrganizerTests;
			productName = MyEventOrganizerTests;
			productReference = 42035ED8285C181B00B333D2 /* MyEventOrganizerTests.xctest */;
			productType = "com.apple.product-type.bundle.unit-test";
		};
		42035EE1285C181B00B333D2 /* MyEventOrganizerUITests */ = {
			isa = PBXNativeTarget;
			buildConfigurationList = 42035EF2285C181B00B333D2 /* Build configuration list for PBXNativeTarget "MyEventOrganizerUITests" */;
			buildPhases = (
				42035EDE285C181B00B333D2 /* Sources */,
				42035EDF285C181B00B333D2 /* Frameworks */,
				42035EE0285C181B00B333D2 /* Resources */,
			);
			buildRules = (
			);
			dependencies = (
				42035EE4285C181B00B333D2 /* PBXTargetDependency */,
			);
			name = MyEventOrganizerUITests;
			productName = MyEventOrganizerUITests;
			productReference = 42035EE2285C181B00B333D2 /* MyEventOrganizerUITests.xctest */;
			productType = "com.apple.product-type.bundle.ui-testing";
		};
/* End PBXNativeTarget section */

/* Begin PBXProject section */
		42035EBB285C181700B333D2 /* Project object */ = {
			isa = PBXProject;
			attributes = {
				BuildIndependentTargetsInParallel = 1;
				LastSwiftUpdateCheck = 1340;
				LastUpgradeCheck = 1340;
				TargetAttributes = {
					42035EC2285C181700B333D2 = {
						CreatedOnToolsVersion = 13.4.1;
					};
					42035ED7285C181B00B333D2 = {
						CreatedOnToolsVersion = 13.4.1;
						TestTargetID = 42035EC2285C181700B333D2;
					};
					42035EE1285C181B00B333D2 = {
						CreatedOnToolsVersion = 13.4.1;
						TestTargetID = 42035EC2285C181700B333D2;
					};
				};
			};
			buildConfigurationList = 42035EBE285C181700B333D2 /* Build configuration list for PBXProject "MyEventOrganizer" */;
			compatibilityVersion = "Xcode 13.0";
			developmentRegion = en;
			hasScannedForEncodings = 0;
			knownRegions = (
				en,
				Base,
			);
			mainGroup = 42035EBA285C181700B333D2;
			productRefGroup = 42035EC4285C181700B333D2 /* Products */;
			projectDirPath = "";
			projectRoot = "";
			targets = (
				42035EC2285C181700B333D2 /* MyEventOrganizer */,
				42035ED7285C181B00B333D2 /* MyEventOrganizerTests */,
				42035EE1285C181B00B333D2 /* MyEventOrganizerUITests */,
			);
		};
/* End PBXProject section */

/* Begin PBXResourcesBuildPhase section */
		42035EC1285C181700B333D2 /* Resources */ = {
			isa = PBXResourcesBuildPhase;
			buildActionMask = 2147483647;
			files = (
				42035ECE285C181B00B333D2 /* Preview Assets.xcassets in Resources */,
				42035ECB285C181B00B333D2 /* Assets.xcassets in Resources */,
			);
			runOnlyForDeploymentPostprocessing = 0;
		};
		42035ED6285C181B00B333D2 /* Resources */ = {
			isa = PBXResourcesBuildPhase;
			buildActionMask = 2147483647;
			files = (
			);
			runOnlyForDeploymentPostprocessing = 0;
		};
		42035EE0285C181B00B333D2 /* Resources */ = {
			isa = PBXResourcesBuildPhase;
			buildActionMask = 2147483647;
			files = (
			);
			runOnlyForDeploymentPostprocessing = 0;
		};
/* End PBXResourcesBuildPhase section */

/* Begin PBXSourcesBuildPhase section */
		42035EBF285C181700B333D2 /* Sources */ = {
			isa = PBXSourcesBuildPhase;
			buildActionMask = 2147483647;
			files = (
				42035ED0285C181B00B333D2 /* Persistence.swift in Sources */,
				42035EC9285C181700B333D2 /* ContentView.swift in Sources */,
				42035ED3285C181B00B333D2 /* MyEventOrganizer.xcdatamodeld in Sources */,
				42035EC7285C181700B333D2 /* MyEventOrganizerApp.swift in Sources */,
			);
			runOnlyForDeploymentPostprocessing = 0;
		};
		42035ED4285C181B00B333D2 /* Sources */ = {
			isa = PBXSourcesBuildPhase;
			buildActionMask = 2147483647;
			files = (
				42035EDD285C181B00B333D2 /* MyEventOrganizerTests.swift in Sources */,
			);
			runOnlyForDeploymentPostprocessing = 0;
		};
		42035EDE285C181B00B333D2 /* Sources */ = {
			isa = PBXSourcesBuildPhase;
			buildActionMask = 2147483647;
			files = (
				42035EE7285C181B00B333D2 /* MyEventOrganizerUITests.swift in Sources */,
				42035EE9285C181B00B333D2 /* MyEventOrganizerUITestsLaunchTests.swift in Sources */,
			);
			runOnlyForDeploymentPostprocessing = 0;
		};
/* End PBXSourcesBuildPhase section */

/* Begin PBXTargetDependency section */
		42035EDA285C181B00B333D2 /* PBXTargetDependency */ = {
			isa = PBXTargetDependency;
			target = 42035EC2285C181700B333D2 /* MyEventOrganizer */;
			targetProxy = 42035ED9285C181B00B333D2 /* PBXContainerItemProxy */;
		};
		42035EE4285C181B00B333D2 /* PBXTargetDependency */ = {
			isa = PBXTargetDependency;
			target = 42035EC2285C181700B333D2 /* MyEventOrganizer */;
			targetProxy = 42035EE3285C181B00B333D2 /* PBXContainerItemProxy */;
		};
/* End PBXTargetDependency section */

/* Begin XCBuildConfiguration section */
		42035EEA285C181B00B333D2 /* Debug */ = {
			isa = XCBuildConfiguration;
			buildSettings = {
				ALWAYS_SEARCH_USER_PATHS = NO;
				CLANG_ANALYZER_NONNULL = YES;
				CLANG_ANALYZER_NUMBER_OBJECT_CONVERSION = YES_AGGRESSIVE;
				CLANG_CXX_LANGUAGE_STANDARD = "gnu++17";
				CLANG_ENABLE_MODULES = YES;
				CLANG_ENABLE_OBJC_ARC = YES;
				CLANG_ENABLE_OBJC_WEAK = YES;
				CLANG_WARN_BLOCK_CAPTURE_AUTORELEASING = YES;
				CLANG_WARN_BOOL_CONVERSION = YES;
				CLANG_WARN_COMMA = YES;
				CLANG_WARN_CONSTANT_CONVERSION = YES;
				CLANG_WARN_DEPRECATED_OBJC_IMPLEMENTATIONS = YES;
				CLANG_WARN_DIRECT_OBJC_ISA_USAGE = YES_ERROR;
				CLANG_WARN_DOCUMENTATION_COMMENTS = YES;
				CLANG_WARN_EMPTY_BODY = YES;
				CLANG_WARN_ENUM_CONVERSION = YES;
				CLANG_WARN_INFINITE_RECURSION = YES;
				CLANG_WARN_INT_CONVERSION = YES;
				CLANG_WARN_NON_LITERAL_NULL_CONVERSION = YES;
				CLANG_WARN_OBJC_IMPLICIT_RETAIN_SELF = YES;
				CLANG_WARN_OBJC_LITERAL_CONVERSION = YES;
				CLANG_WARN_OBJC_ROOT_CLASS = YES_ERROR;
				CLANG_WARN_QUOTED_INCLUDE_IN_FRAMEWORK_HEADER = YES;
				CLANG_WARN_RANGE_LOOP_ANALYSIS = YES;
				CLANG_WARN_STRICT_PROTOTYPES = YES;
				CLANG_WARN_SUSPICIOUS_MOVE = YES;
				CLANG_WARN_UNGUARDED_AVAILABILITY = YES_AGGRESSIVE;
				CLANG_WARN_UNREACHABLE_CODE = YES;
				CLANG_WARN__DUPLICATE_METHOD_MATCH = YES;
				COPY_PHASE_STRIP = NO;
				DEBUG_INFORMATION_FORMAT = dwarf;
				ENABLE_STRICT_OBJC_MSGSEND = YES;
				ENABLE_TESTABILITY = YES;
				GCC_C_LANGUAGE_STANDARD = gnu11;
				GCC_DYNAMIC_NO_PIC = NO;
				GCC_NO_COMMON_BLOCKS = YES;
				GCC_OPTIMIZATION_LEVEL = 0;
				GCC_PREPROCESSOR_DEFINITIONS = (
					"DEBUG=1",
					"$(inherited)",
				);
				GCC_WARN_64_TO_32_BIT_CONVERSION = YES;
				GCC_WARN_ABOUT_RETURN_TYPE = YES_ERROR;
				GCC_WARN_UNDECLARED_SELECTOR = YES;
				GCC_WARN_UNINITIALIZED_AUTOS = YES_AGGRESSIVE;
				GCC_WARN_UNUSED_FUNCTION = YES;
				GCC_WARN_UNUSED_VARIABLE = YES;
				IPHONEOS_DEPLOYMENT_TARGET = 15.5;
				MTL_ENABLE_DEBUG_INFO = INCLUDE_SOURCE;
				MTL_FAST_MATH = YES;
				ONLY_ACTIVE_ARCH = YES;
				SDKROOT = iphoneos;
				SWIFT_ACTIVE_COMPILATION_CONDITIONS = DEBUG;
				SWIFT_OPTIMIZATION_LEVEL = "-Onone";
			};
			name = Debug;
		};
		42035EEB285C181B00B333D2 /* Release */ = {
			isa = XCBuildConfiguration;
			buildSettings = {
				ALWAYS_SEARCH_USER_PATHS = NO;
				CLANG_ANALYZER_NONNULL = YES;
				CLANG_ANALYZER_NUMBER_OBJECT_CONVERSION = YES_AGGRESSIVE;
				CLANG_CXX_LANGUAGE_STANDARD = "gnu++17";
				CLANG_ENABLE_MODULES = YES;
				CLANG_ENABLE_OBJC_ARC = YES;
				CLANG_ENABLE_OBJC_WEAK = YES;
				CLANG_WARN_BLOCK_CAPTURE_AUTORELEASING = YES;
				CLANG_WARN_BOOL_CONVERSION = YES;
				CLANG_WARN_COMMA = YES;
				CLANG_WARN_CONSTANT_CONVERSION = YES;
				CLANG_WARN_DEPRECATED_OBJC_IMPLEMENTATIONS = YES;
				CLANG_WARN_DIRECT_OBJC_ISA_USAGE = YES_ERROR;
				CLANG_WARN_DOCUMENTATION_COMMENTS = YES;
				CLANG_WARN_EMPTY_BODY = YES;
				CLANG_WARN_ENUM_CONVERSION = YES;
				CLANG_WARN_INFINITE_RECURSION = YES;
				CLANG_WARN_INT_CONVERSION = YES;
				CLANG_WARN_NON_LITERAL_NULL_CONVERSION = YES;
				CLANG_WARN_OBJC_IMPLICIT_RETAIN_SELF = YES;
				CLANG_WARN_OBJC_LITERAL_CONVERSION = YES;
				CLANG_WARN_OBJC_ROOT_CLASS = YES_ERROR;
				CLANG_WARN_QUOTED_INCLUDE_IN_FRAMEWORK_HEADER = YES;
				CLANG_WARN_RANGE_LOOP_ANALYSIS = YES;
				CLANG_WARN_STRICT_PROTOTYPES = YES;
				CLANG_WARN_SUSPICIOUS_MOVE = YES;
				CLANG_WARN_UNGUARDED_AVAILABILITY = YES_AGGRESSIVE;
				CLANG_WARN_UNREACHABLE_CODE = YES;
				CLANG_WARN__DUPLICATE_METHOD_MATCH = YES;
				COPY_PHASE_STRIP = NO;
				DEBUG_INFORMATION_FORMAT = "dwarf-with-dsym";
				ENABLE_NS_ASSERTIONS = NO;
				ENABLE_STRICT_OBJC_MSGSEND = YES;
				GCC_C_LANGUAGE_STANDARD = gnu11;
				GCC_NO_COMMON_BLOCKS = YES;
				GCC_WARN_64_TO_32_BIT_CONVERSION = YES;
				GCC_WARN_ABOUT_RETURN_TYPE = YES_ERROR;
				GCC_WARN_UNDECLARED_SELECTOR = YES;
				GCC_WARN_UNINITIALIZED_AUTOS = YES_AGGRESSIVE;
				GCC_WARN_UNUSED_FUNCTION = YES;
				GCC_WARN_UNUSED_VARIABLE = YES;
				IPHONEOS_DEPLOYMENT_TARGET = 15.5;
				MTL_ENABLE_DEBUG_INFO = NO;
				MTL_FAST_MATH = YES;
				SDKROOT = iphoneos;
				SWIFT_COMPILATION_MODE = wholemodule;
				SWIFT_OPTIMIZATION_LEVEL = "-O";
				VALIDATE_PRODUCT = YES;
			};
			name = Release;
		};
		42035EED285C181B00B333D2 /* Debug */ = {
			isa = XCBuildConfiguration;
			buildSettings = {
				ASSETCATALOG_COMPILER_APPICON_NAME = AppIcon;
				ASSETCATALOG_COMPILER_GLOBAL_ACCENT_COLOR_NAME = AccentColor;
				CODE_SIGN_STYLE = Automatic;
				CURRENT_PROJECT_VERSION = 1;
				DEVELOPMENT_ASSET_PATHS = "\"MyEventOrganizer/Preview Content\"";
				DEVELOPMENT_TEAM = GSJL8ACDV5;
				ENABLE_PREVIEWS = YES;
				GENERATE_INFOPLIST_FILE = YES;
				INFOPLIST_KEY_UIApplicationSceneManifest_Generation = YES;
				INFOPLIST_KEY_UIApplicationSupportsIndirectInputEvents = YES;
				INFOPLIST_KEY_UILaunchScreen_Generation = YES;
				INFOPLIST_KEY_UISupportedInterfaceOrientations_iPad = "UIInterfaceOrientationPortrait UIInterfaceOrientationPortraitUpsideDown UIInterfaceOrientationLandscapeLeft UIInterfaceOrientationLandscapeRight";
				INFOPLIST_KEY_UISupportedInterfaceOrientations_iPhone = "UIInterfaceOrientationPortrait UIInterfaceOrientationLandscapeLeft UIInterfaceOrientationLandscapeRight";
				LD_RUNPATH_SEARCH_PATHS = (
					"$(inherited)",
					"@executable_path/Frameworks",
				);
				MARKETING_VERSION = 1.0;
				PRODUCT_BUNDLE_IDENTIFIER = com.prasetya.MyEventOrganizer;
				PRODUCT_NAME = "$(TARGET_NAME)";
				SWIFT_EMIT_LOC_STRINGS = YES;
				SWIFT_VERSION = 5.0;
				TARGETED_DEVICE_FAMILY = "1,2";
			};
			name = Debug;
		};
		42035EEE285C181B00B333D2 /* Release */ = {
			isa = XCBuildConfiguration;
			buildSettings = {
				ASSETCATALOG_COMPILER_APPICON_NAME = AppIcon;
				ASSETCATALOG_COMPILER_GLOBAL_ACCENT_COLOR_NAME = AccentColor;
				CODE_SIGN_STYLE = Automatic;
				CURRENT_PROJECT_VERSION = 1;
				DEVELOPMENT_ASSET_PATHS = "\"MyEventOrganizer/Preview Content\"";
				DEVELOPMENT_TEAM = GSJL8ACDV5;
				ENABLE_PREVIEWS = YES;
				GENERATE_INFOPLIST_FILE = YES;
				INFOPLIST_KEY_UIApplicationSceneManifest_Generation = YES;
				INFOPLIST_KEY_UIApplicationSupportsIndirectInputEvents = YES;
				INFOPLIST_KEY_UILaunchScreen_Generation = YES;
				INFOPLIST_KEY_UISupportedInterfaceOrientations_iPad = "UIInterfaceOrientationPortrait UIInterfaceOrientationPortraitUpsideDown UIInterfaceOrientationLandscapeLeft UIInterfaceOrientationLandscapeRight";
				INFOPLIST_KEY_UISupportedInterfaceOrientations_iPhone = "UIInterfaceOrientationPortrait UIInterfaceOrientationLandscapeLeft UIInterfaceOrientationLandscapeRight";
				LD_RUNPATH_SEARCH_PATHS = (
					"$(inherited)",
					"@executable_path/Frameworks",
				);
				MARKETING_VERSION = 1.0;
				PRODUCT_BUNDLE_IDENTIFIER = com.prasetya.MyEventOrganizer;
				PRODUCT_NAME = "$(TARGET_NAME)";
				SWIFT_EMIT_LOC_STRINGS = YES;
				SWIFT_VERSION = 5.0;
				TARGETED_DEVICE_FAMILY = "1,2";
			};
			name = Release;
		};
		42035EF0285C181B00B333D2 /* Debug */ = {
			isa = XCBuildConfiguration;
			buildSettings = {
				ALWAYS_EMBED_SWIFT_STANDARD_LIBRARIES = YES;
				BUNDLE_LOADER = "$(TEST_HOST)";
				CODE_SIGN_STYLE = Automatic;
				CURRENT_PROJECT_VERSION = 1;
				DEVELOPMENT_TEAM = GSJL8ACDV5;
				GENERATE_INFOPLIST_FILE = YES;
				IPHONEOS_DEPLOYMENT_TARGET = 15.5;
				MARKETING_VERSION = 1.0;
				PRODUCT_BUNDLE_IDENTIFIER = com.prasetya.MyEventOrganizerTests;
				PRODUCT_NAME = "$(TARGET_NAME)";
				SWIFT_EMIT_LOC_STRINGS = NO;
				SWIFT_VERSION = 5.0;
				TARGETED_DEVICE_FAMILY = "1,2";
				TEST_HOST = "$(BUILT_PRODUCTS_DIR)/MyEventOrganizer.app/MyEventOrganizer";
			};
			name = Debug;
		};
		42035EF1285C181B00B333D2 /* Release */ = {
			isa = XCBuildConfiguration;
			buildSettings = {
				ALWAYS_EMBED_SWIFT_STANDARD_LIBRARIES = YES;
				BUNDLE_LOADER = "$(TEST_HOST)";
				CODE_SIGN_STYLE = Automatic;
				CURRENT_PROJECT_VERSION = 1;
				DEVELOPMENT_TEAM = GSJL8ACDV5;
				GENERATE_INFOPLIST_FILE = YES;
				IPHONEOS_DEPLOYMENT_TARGET = 15.5;
				MARKETING_VERSION = 1.0;
				PRODUCT_BUNDLE_IDENTIFIER = com.prasetya.MyEventOrganizerTests;
				PRODUCT_NAME = "$(TARGET_NAME)";
				SWIFT_EMIT_LOC_STRINGS = NO;
				SWIFT_VERSION = 5.0;
				TARGETED_DEVICE_FAMILY = "1,2";
				TEST_HOST = "$(BUILT_PRODUCTS_DIR)/MyEventOrganizer.app/MyEventOrganizer";
			};
			name = Release;
		};
		42035EF3285C181B00B333D2 /* Debug */ = {
			isa = XCBuildConfiguration;
			buildSettings = {
				ALWAYS_EMBED_SWIFT_STANDARD_LIBRARIES = YES;
				CODE_SIGN_STYLE = Automatic;
				CURRENT_PROJECT_VERSION = 1;
				DEVELOPMENT_TEAM = GSJL8ACDV5;
				GENERATE_INFOPLIST_FILE = YES;
				MARKETING_VERSION = 1.0;
				PRODUCT_BUNDLE_IDENTIFIER = com.prasetya.MyEventOrganizerUITests;
				PRODUCT_NAME = "$(TARGET_NAME)";
				SWIFT_EMIT_LOC_STRINGS = NO;
				SWIFT_VERSION = 5.0;
				TARGETED_DEVICE_FAMILY = "1,2";
				TEST_TARGET_NAME = MyEventOrganizer;
			};
			name = Debug;
		};
		42035EF4285C181B00B333D2 /* Release */ = {
			isa = XCBuildConfiguration;
			buildSettings = {
				ALWAYS_EMBED_SWIFT_STANDARD_LIBRARIES = YES;
				CODE_SIGN_STYLE = Automatic;
				CURRENT_PROJECT_VERSION = 1;
				DEVELOPMENT_TEAM = GSJL8ACDV5;
				GENERATE_INFOPLIST_FILE = YES;
				MARKETING_VERSION = 1.0;
				PRODUCT_BUNDLE_IDENTIFIER = com.prasetya.MyEventOrganizerUITests;
				PRODUCT_NAME = "$(TARGET_NAME)";
				SWIFT_EMIT_LOC_STRINGS = NO;
				SWIFT_VERSION = 5.0;
				TARGETED_DEVICE_FAMILY = "1,2";
				TEST_TARGET_NAME = MyEventOrganizer;
			};
			name = Release;
		};
/* End XCBuildConfiguration section */

/* Begin XCConfigurationList section */
		42035EBE285C181700B333D2 /* Build configuration list for PBXProject "MyEventOrganizer" */ = {
			isa = XCConfigurationList;
			buildConfigurations = (
				42035EEA285C181B00B333D2 /* Debug */,
				42035EEB285C181B00B333D2 /* Release */,
			);
			defaultConfigurationIsVisible = 0;
			defaultConfigurationName = Release;
		};
		42035EEC285C181B00B333D2 /* Build configuration list for PBXNativeTarget "MyEventOrganizer" */ = {
			isa = XCConfigurationList;
			buildConfigurations = (
				42035EED285C181B00B333D2 /* Debug */,
				42035EEE285C181B00B333D2 /* Release */,
			);
			defaultConfigurationIsVisible = 0;
			defaultConfigurationName = Release;
		};
		42035EEF285C181B00B333D2 /* Build configuration list for PBXNativeTarget "MyEventOrganizerTests" */ = {
			isa = XCConfigurationList;
			buildConfigurations = (
				42035EF0285C181B00B333D2 /* Debug */,
				42035EF1285C181B00B333D2 /* Release */,
			);
			defaultConfigurationIsVisible = 0;
			defaultConfigurationName = Release;
		};
		42035EF2285C181B00B333D2 /* Build configuration list for PBXNativeTarget "MyEventOrganizerUITests" */ = {
			isa = XCConfigurationList;
			buildConfigurations = (
				42035EF3285C181B00B333D2 /* Debug */,
				42035EF4285C181B00B333D2 /* Release */,
			);
			defaultConfigurationIsVisible = 0;
			defaultConfigurationName = Release;
		};
/* End XCConfigurationList section */

/* Begin XCVersionGroup section */
		42035ED1285C181B00B333D2 /* MyEventOrganizer.xcdatamodeld */ = {
			isa = XCVersionGroup;
			children = (
				42035ED2285C181B00B333D2 /* MyEventOrganizer.xcdatamodel */,
			);
			currentVersion = 42035ED2285C181B00B333D2 /* MyEventOrganizer.xcdatamodel */;
			path = MyEventOrganizer.xcdatamodeld;
			sourceTree = "<group>";
			versionGroupType = wrapper.xcdatamodel;
		};
/* End XCVersionGroup section */
	};
	rootObject = 42035EBB285C181700B333D2 /* Project object */;
}
